
Microsoft Visual Studio Solution File, Format Version 12.00
# Visual Studio Version 17
VisualStudioVersion = 17.0.31903.59
MinimumVisualStudioVersion = 10.0.40219.1
Project("{2150E333-8FDC-42A3-9474-1A3956D46DE8}") = "src", "src", "{827E0CD3-B72D-47B6-A68D-7590B98EB39B}"
EndProject
Project("{FAE04EC0-301F-11D3-BF4B-00C04F79EFBC}") = "TicketManagementService", "src\TicketManagementService\TicketManagementService.csproj", "{BE3E8329-8D59-4D02-A8C5-A2BA23137103}"
EndProject
Project("{2150E333-8FDC-42A3-9474-1A3956D46DE8}") = "tests", "tests", "{0AB3BF05-4346-4AA6-1389-037BE0695223}"
EndProject
Project("{FAE04EC0-301F-11D3-BF4B-00C04F79EFBC}") = "TicketManagementService.Tests", "tests\TicketManagementService.Tests\TicketManagementService.Tests.csproj", "{62E1CC47-7242-4B57-81BC-1D3306E975FA}"
EndProject
Project("{FAE04EC0-301F-11D3-BF4B-00C04F79EFBC}") = "AICategorizationService", "src\AICategorizationService\AICategorizationService.csproj", "{7B334C57-6C95-450E-998F-9CF3816F8F37}"
EndProject
Project("{FAE04EC0-301F-11D3-BF4B-00C04F79EFBC}") = "AICategorizationService.Tests", "tests\AICategorizationService.Tests\AICategorizationService.Tests.csproj", "{049FB892-6128-4C71-9138-8D7C48257882}"
EndProject
Project("{FAE04EC0-301F-11D3-BF4B-00C04F79EFBC}") = "PrioritizationService", "src\PrioritizationService\PrioritizationService.csproj", "{C2112071-8E53-44C0-A46E-D09D77CC8F07}"
EndProject
Project("{FAE04EC0-301F-11D3-BF4B-00C04F79EFBC}") = "PrioritizationService.Tests", "tests\PrioritizationService.Tests\PrioritizationService.Tests.csproj", "{F34BE2E2-4F14-4007-B627-50C9EB6E4D69}"
EndProject
Project("{FAE04EC0-301F-11D3-BF4B-00C04F79EFBC}") = "UserManagementService", "src\UserManagementService\UserManagementService.csproj", "{FBF8FF68-6E40-4F4D-9AD4-79DB64043E84}"
EndProject
Project("{FAE04EC0-301F-11D3-BF4B-00C04F79EFBC}") = "UserManagementService.Tests", "tests\UserManagementService.Tests\UserManagementService.Tests.csproj", "{814F59F9-35F8-4119-A029-6DBF0BC2D56D}"
EndProject
Project("{FAE04EC0-301F-11D3-BF4B-00C04F79EFBC}") = "NotificationService", "src\NotificationService\NotificationService.csproj", "{ED271F52-D3D5-4E2C-B6A6-A74EC19E85A9}"
EndProject
Project("{FAE04EC0-301F-11D3-BF4B-00C04F79EFBC}") = "NotificationService.Tests", "tests\NotificationService.Tests\NotificationService.Tests.csproj", "{3532BA06-DD7F-4EA4-9E2B-D4BC5BA7E861}"
EndProject
Global
	GlobalSection(SolutionConfigurationPlatforms) = preSolution
		Debug|Any CPU = Debug|Any CPU
		Debug|x64 = Debug|x64
		Debug|x86 = Debug|x86
		Release|Any CPU = Release|Any CPU
		Release|x64 = Release|x64
		Release|x86 = Release|x86
	EndGlobalSection
	GlobalSection(ProjectConfigurationPlatforms) = postSolution
		{BE3E8329-8D59-4D02-A8C5-A2BA23137103}.Debug|Any CPU.ActiveCfg = Debug|Any CPU
		{BE3E8329-8D59-4D02-A8C5-A2BA23137103}.Debug|Any CPU.Build.0 = Debug|Any CPU
		{BE3E8329-8D59-4D02-A8C5-A2BA23137103}.Debug|x64.ActiveCfg = Debug|Any CPU
		{BE3E8329-8D59-4D02-A8C5-A2BA23137103}.Debug|x64.Build.0 = Debug|Any CPU
		{BE3E8329-8D59-4D02-A8C5-A2BA23137103}.Debug|x86.ActiveCfg = Debug|Any CPU
		{BE3E8329-8D59-4D02-A8C5-A2BA23137103}.Debug|x86.Build.0 = Debug|Any CPU
		{BE3E8329-8D59-4D02-A8C5-A2BA23137103}.Release|Any CPU.ActiveCfg = Release|Any CPU
		{BE3E8329-8D59-4D02-A8C5-A2BA23137103}.Release|Any CPU.Build.0 = Release|Any CPU
		{BE3E8329-8D59-4D02-A8C5-A2BA23137103}.Release|x64.ActiveCfg = Release|Any CPU
		{BE3E8329-8D59-4D02-A8C5-A2BA23137103}.Release|x64.Build.0 = Release|Any CPU
		{BE3E8329-8D59-4D02-A8C5-A2BA23137103}.Release|x86.ActiveCfg = Release|Any CPU
		{BE3E8329-8D59-4D02-A8C5-A2BA23137103}.Release|x86.Build.0 = Release|Any CPU
		{62E1CC47-7242-4B57-81BC-1D3306E975FA}.Debug|Any CPU.ActiveCfg = Debug|Any CPU
		{62E1CC47-7242-4B57-81BC-1D3306E975FA}.Debug|Any CPU.Build.0 = Debug|Any CPU
		{62E1CC47-7242-4B57-81BC-1D3306E975FA}.Debug|x64.ActiveCfg = Debug|Any CPU
		{62E1CC47-7242-4B57-81BC-1D3306E975FA}.Debug|x64.Build.0 = Debug|Any CPU
		{62E1CC47-7242-4B57-81BC-1D3306E975FA}.Debug|x86.ActiveCfg = Debug|Any CPU
		{62E1CC47-7242-4B57-81BC-1D3306E975FA}.Debug|x86.Build.0 = Debug|Any CPU
		{62E1CC47-7242-4B57-81BC-1D3306E975FA}.Release|Any CPU.ActiveCfg = Release|Any CPU
		{62E1CC47-7242-4B57-81BC-1D3306E975FA}.Release|Any CPU.Build.0 = Release|Any CPU
		{62E1CC47-7242-4B57-81BC-1D3306E975FA}.Release|x64.ActiveCfg = Release|Any CPU
		{62E1CC47-7242-4B57-81BC-1D3306E975FA}.Release|x64.Build.0 = Release|Any CPU
		{62E1CC47-7242-4B57-81BC-1D3306E975FA}.Release|x86.ActiveCfg = Release|Any CPU
		{62E1CC47-7242-4B57-81BC-1D3306E975FA}.Release|x86.Build.0 = Release|Any CPU
		{7B334C57-6C95-450E-998F-9CF3816F8F37}.Debug|Any CPU.ActiveCfg = Debug|Any CPU
		{7B334C57-6C95-450E-998F-9CF3816F8F37}.Debug|Any CPU.Build.0 = Debug|Any CPU
		{7B334C57-6C95-450E-998F-9CF3816F8F37}.Debug|x64.ActiveCfg = Debug|Any CPU
		{7B334C57-6C95-450E-998F-9CF3816F8F37}.Debug|x64.Build.0 = Debug|Any CPU
		{7B334C57-6C95-450E-998F-9CF3816F8F37}.Debug|x86.ActiveCfg = Debug|Any CPU
		{7B334C57-6C95-450E-998F-9CF3816F8F37}.Debug|x86.Build.0 = Debug|Any CPU
		{7B334C57-6C95-450E-998F-9CF3816F8F37}.Release|Any CPU.ActiveCfg = Release|Any CPU
		{7B334C57-6C95-450E-998F-9CF3816F8F37}.Release|Any CPU.Build.0 = Release|Any CPU
		{7B334C57-6C95-450E-998F-9CF3816F8F37}.Release|x64.ActiveCfg = Release|Any CPU
		{7B334C57-6C95-450E-998F-9CF3816F8F37}.Release|x64.Build.0 = Release|Any CPU
		{7B334C57-6C95-450E-998F-9CF3816F8F37}.Release|x86.ActiveCfg = Release|Any CPU
		{7B334C57-6C95-450E-998F-9CF3816F8F37}.Release|x86.Build.0 = Release|Any CPU
		{049FB892-6128-4C71-9138-8D7C48257882}.Debug|Any CPU.ActiveCfg = Debug|Any CPU
		{049FB892-6128-4C71-9138-8D7C48257882}.Debug|Any CPU.Build.0 = Debug|Any CPU
		{049FB892-6128-4C71-9138-8D7C48257882}.Debug|x64.ActiveCfg = Debug|Any CPU
		{049FB892-6128-4C71-9138-8D7C48257882}.Debug|x64.Build.0 = Debug|Any CPU
		{049FB892-6128-4C71-9138-8D7C48257882}.Debug|x86.ActiveCfg = Debug|Any CPU
		{049FB892-6128-4C71-9138-8D7C48257882}.Debug|x86.Build.0 = Debug|Any CPU
		{049FB892-6128-4C71-9138-8D7C48257882}.Release|Any CPU.ActiveCfg = Release|Any CPU
		{049FB892-6128-4C71-9138-8D7C48257882}.Release|Any CPU.Build.0 = Release|Any CPU
		{049FB892-6128-4C71-9138-8D7C48257882}.Release|x64.ActiveCfg = Release|Any CPU
		{049FB892-6128-4C71-9138-8D7C48257882}.Release|x64.Build.0 = Release|Any CPU
		{049FB892-6128-4C71-9138-8D7C48257882}.Release|x86.ActiveCfg = Release|Any CPU
		{049FB892-6128-4C71-9138-8D7C48257882}.Release|x86.Build.0 = Release|Any CPU
		{C2112071-8E53-44C0-A46E-D09D77CC8F07}.Debug|Any CPU.ActiveCfg = Debug|Any CPU
		{C2112071-8E53-44C0-A46E-D09D77CC8F07}.Debug|Any CPU.Build.0 = Debug|Any CPU
		{C2112071-8E53-44C0-A46E-D09D77CC8F07}.Debug|x64.ActiveCfg = Debug|Any CPU
		{C2112071-8E53-44C0-A46E-D09D77CC8F07}.Debug|x64.Build.0 = Debug|Any CPU
		{C2112071-8E53-44C0-A46E-D09D77CC8F07}.Debug|x86.ActiveCfg = Debug|Any CPU
		{C2112071-8E53-44C0-A46E-D09D77CC8F07}.Debug|x86.Build.0 = Debug|Any CPU
		{C2112071-8E53-44C0-A46E-D09D77CC8F07}.Release|Any CPU.ActiveCfg = Release|Any CPU
		{C2112071-8E53-44C0-A46E-D09D77CC8F07}.Release|Any CPU.Build.0 = Release|Any CPU
		{C2112071-8E53-44C0-A46E-D09D77CC8F07}.Release|x64.ActiveCfg = Release|Any CPU
		{C2112071-8E53-44C0-A46E-D09D77CC8F07}.Release|x64.Build.0 = Release|Any CPU
		{C2112071-8E53-44C0-A46E-D09D77CC8F07}.Release|x86.ActiveCfg = Release|Any CPU
		{C2112071-8E53-44C0-A46E-D09D77CC8F07}.Release|x86.Build.0 = Release|Any CPU
		{F34BE2E2-4F14-4007-B627-50C9EB6E4D69}.Debug|Any CPU.ActiveCfg = Debug|Any CPU
		{F34BE2E2-4F14-4007-B627-50C9EB6E4D69}.Debug|Any CPU.Build.0 = Debug|Any CPU
		{F34BE2E2-4F14-4007-B627-50C9EB6E4D69}.Debug|x64.ActiveCfg = Debug|Any CPU
		{F34BE2E2-4F14-4007-B627-50C9EB6E4D69}.Debug|x64.Build.0 = Debug|Any CPU
		{F34BE2E2-4F14-4007-B627-50C9EB6E4D69}.Debug|x86.ActiveCfg = Debug|Any CPU
		{F34BE2E2-4F14-4007-B627-50C9EB6E4D69}.Debug|x86.Build.0 = Debug|Any CPU
		{F34BE2E2-4F14-4007-B627-50C9EB6E4D69}.Release|Any CPU.ActiveCfg = Release|Any CPU
		{F34BE2E2-4F14-4007-B627-50C9EB6E4D69}.Release|Any CPU.Build.0 = Release|Any CPU
		{F34BE2E2-4F14-4007-B627-50C9EB6E4D69}.Release|x64.ActiveCfg = Release|Any CPU
		{F34BE2E2-4F14-4007-B627-50C9EB6E4D69}.Release|x64.Build.0 = Release|Any CPU
		{F34BE2E2-4F14-4007-B627-50C9EB6E4D69}.Release|x86.ActiveCfg = Release|Any CPU
		{F34BE2E2-4F14-4007-B627-50C9EB6E4D69}.Release|x86.Build.0 = Release|Any CPU
		{FBF8FF68-6E40-4F4D-9AD4-79DB64043E84}.Debug|Any CPU.ActiveCfg = Debug|Any CPU
		{FBF8FF68-6E40-4F4D-9AD4-79DB64043E84}.Debug|Any CPU.Build.0 = Debug|Any CPU
		{FBF8FF68-6E40-4F4D-9AD4-79DB64043E84}.Debug|x64.ActiveCfg = Debug|Any CPU
		{FBF8FF68-6E40-4F4D-9AD4-79DB64043E84}.Debug|x64.Build.0 = Debug|Any CPU
		{FBF8FF68-6E40-4F4D-9AD4-79DB64043E84}.Debug|x86.ActiveCfg = Debug|Any CPU
		{FBF8FF68-6E40-4F4D-9AD4-79DB64043E84}.Debug|x86.Build.0 = Debug|Any CPU
		{FBF8FF68-6E40-4F4D-9AD4-79DB64043E84}.Release|Any CPU.ActiveCfg = Release|Any CPU
		{FBF8FF68-6E40-4F4D-9AD4-79DB64043E84}.Release|Any CPU.Build.0 = Release|Any CPU
		{FBF8FF68-6E40-4F4D-9AD4-79DB64043E84}.Release|x64.ActiveCfg = Release|Any CPU
		{FBF8FF68-6E40-4F4D-9AD4-79DB64043E84}.Release|x64.Build.0 = Release|Any CPU
		{FBF8FF68-6E40-4F4D-9AD4-79DB64043E84}.Release|x86.ActiveCfg = Release|Any CPU
		{FBF8FF68-6E40-4F4D-9AD4-79DB64043E84}.Release|x86.Build.0 = Release|Any CPU
		{814F59F9-35F8-4119-A029-6DBF0BC2D56D}.Debug|Any CPU.ActiveCfg = Debug|Any CPU
		{814F59F9-35F8-4119-A029-6DBF0BC2D56D}.Debug|Any CPU.Build.0 = Debug|Any CPU
		{814F59F9-35F8-4119-A029-6DBF0BC2D56D}.Debug|x64.ActiveCfg = Debug|Any CPU
		{814F59F9-35F8-4119-A029-6DBF0BC2D56D}.Debug|x64.Build.0 = Debug|Any CPU
		{814F59F9-35F8-4119-A029-6DBF0BC2D56D}.Debug|x86.ActiveCfg = Debug|Any CPU
		{814F59F9-35F8-4119-A029-6DBF0BC2D56D}.Debug|x86.Build.0 = Debug|Any CPU
		{814F59F9-35F8-4119-A029-6DBF0BC2D56D}.Release|Any CPU.ActiveCfg = Release|Any CPU
		{814F59F9-35F8-4119-A029-6DBF0BC2D56D}.Release|Any CPU.Build.0 = Release|Any CPU
		{814F59F9-35F8-4119-A029-6DBF0BC2D56D}.Release|x64.ActiveCfg = Release|Any CPU
		{814F59F9-35F8-4119-A029-6DBF0BC2D56D}.Release|x64.Build.0 = Release|Any CPU
		{814F59F9-35F8-4119-A029-6DBF0BC2D56D}.Release|x86.ActiveCfg = Release|Any CPU
		{814F59F9-35F8-4119-A029-6DBF0BC2D56D}.Release|x86.Build.0 = Release|Any CPU
		{ED271F52-D3D5-4E2C-B6A6-A74EC19E85A9}.Debug|Any CPU.ActiveCfg = Debug|Any CPU
		{ED271F52-D3D5-4E2C-B6A6-A74EC19E85A9}.Debug|Any CPU.Build.0 = Debug|Any CPU
		{ED271F52-D3D5-4E2C-B6A6-A74EC19E85A9}.Debug|x64.ActiveCfg = Debug|Any CPU
		{ED271F52-D3D5-4E2C-B6A6-A74EC19E85A9}.Debug|x64.Build.0 = Debug|Any CPU
		{ED271F52-D3D5-4E2C-B6A6-A74EC19E85A9}.Debug|x86.ActiveCfg = Debug|Any CPU
		{ED271F52-D3D5-4E2C-B6A6-A74EC19E85A9}.Debug|x86.Build.0 = Debug|Any CPU
		{ED271F52-D3D5-4E2C-B6A6-A74EC19E85A9}.Release|Any CPU.ActiveCfg = Release|Any CPU
		{ED271F52-D3D5-4E2C-B6A6-A74EC19E85A9}.Release|Any CPU.Build.0 = Release|Any CPU
		{ED271F52-D3D5-4E2C-B6A6-A74EC19E85A9}.Release|x64.ActiveCfg = Release|Any CPU
		{ED271F52-D3D5-4E2C-B6A6-A74EC19E85A9}.Release|x64.Build.0 = Release|Any CPU
		{ED271F52-D3D5-4E2C-B6A6-A74EC19E85A9}.Release|x86.ActiveCfg = Release|Any CPU
		{ED271F52-D3D5-4E2C-B6A6-A74EC19E85A9}.Release|x86.Build.0 = Release|Any CPU
		{3532BA06-DD7F-4EA4-9E2B-D4BC5BA7E861}.Debug|Any CPU.ActiveCfg = Debug|Any CPU
		{3532BA06-DD7F-4EA4-9E2B-D4BC5BA7E861}.Debug|Any CPU.Build.0 = Debug|Any CPU
		{3532BA06-DD7F-4EA4-9E2B-D4BC5BA7E861}.Debug|x64.ActiveCfg = Debug|Any CPU
		{3532BA06-DD7F-4EA4-9E2B-D4BC5BA7E861}.Debug|x64.Build.0 = Debug|Any CPU
		{3532BA06-DD7F-4EA4-9E2B-D4BC5BA7E861}.Debug|x86.ActiveCfg = Debug|Any CPU
		{3532BA06-DD7F-4EA4-9E2B-D4BC5BA7E861}.Debug|x86.Build.0 = Debug|Any CPU
		{3532BA06-DD7F-4EA4-9E2B-D4BC5BA7E861}.Release|Any CPU.ActiveCfg = Release|Any CPU
		{3532BA06-DD7F-4EA4-9E2B-D4BC5BA7E861}.Release|Any CPU.Build.0 = Release|Any CPU
		{3532BA06-DD7F-4EA4-9E2B-D4BC5BA7E861}.Release|x64.ActiveCfg = Release|Any CPU
		{3532BA06-DD7F-4EA4-9E2B-D4BC5BA7E861}.Release|x64.Build.0 = Release|Any CPU
		{3532BA06-DD7F-4EA4-9E2B-D4BC5BA7E861}.Release|x86.ActiveCfg = Release|Any CPU
		{3532BA06-DD7F-4EA4-9E2B-D4BC5BA7E861}.Release|x86.Build.0 = Release|Any CPU
	EndGlobalSection
	GlobalSection(SolutionProperties) = preSolution
		HideSolutionNode = FALSE
	EndGlobalSection
	GlobalSection(NestedProjects) = preSolution
		{BE3E8329-8D59-4D02-A8C5-A2BA23137103} = {827E0CD3-B72D-47B6-A68D-7590B98EB39B}
		{62E1CC47-7242-4B57-81BC-1D3306E975FA} = {0AB3BF05-4346-4AA6-1389-037BE0695223}
		{7B334C57-6C95-450E-998F-9CF3816F8F37} = {827E0CD3-B72D-47B6-A68D-7590B98EB39B}
		{049FB892-6128-4C71-9138-8D7C48257882} = {0AB3BF05-4346-4AA6-1389-037BE0695223}
		{C2112071-8E53-44C0-A46E-D09D77CC8F07} = {827E0CD3-B72D-47B6-A68D-7590B98EB39B}
		{F34BE2E2-4F14-4007-B627-50C9EB6E4D69} = {0AB3BF05-4346-4AA6-1389-037BE0695223}
		{FBF8FF68-6E40-4F4D-9AD4-79DB64043E84} = {827E0CD3-B72D-47B6-A68D-7590B98EB39B}
		{814F59F9-35F8-4119-A029-6DBF0BC2D56D} = {0AB3BF05-4346-4AA6-1389-037BE0695223}
		{ED271F52-D3D5-4E2C-B6A6-A74EC19E85A9} = {827E0CD3-B72D-47B6-A68D-7590B98EB39B}
		{3532BA06-DD7F-4EA4-9E2B-D4BC5BA7E861} = {0AB3BF05-4346-4AA6-1389-037BE0695223}
	EndGlobalSection
EndGlobal
